// !$*UTF8*$!
{
	archiveVersion = 1;
	classes = {
	};
	objectVersion = 46;
	objects = {

/* Begin PBXBuildFile section */
		9901443F1C7E4E61005C81BF /* CGRect+Extensions.swift in Sources */ = {isa = PBXBuildFile; fileRef = 9901443E1C7E4E61005C81BF /* CGRect+Extensions.swift */; };
		99139C091D1F12430033E114 /* StarShader.swift in Sources */ = {isa = PBXBuildFile; fileRef = 99139C081D1F12430033E114 /* StarShader.swift */; };
		99139C0C1D1F12770033E114 /* StarDrawable.swift in Sources */ = {isa = PBXBuildFile; fileRef = 99139C0B1D1F12770033E114 /* StarDrawable.swift */; };
		991BC8F81CE71F55000D4C6B /* TilesRemainingViewController.swift in Sources */ = {isa = PBXBuildFile; fileRef = 991BC8F71CE71F55000D4C6B /* TilesRemainingViewController.swift */; };
		993A53481C7EE273001F93CB /* Shader.swift in Sources */ = {isa = PBXBuildFile; fileRef = 993A53461C7EE273001F93CB /* Shader.swift */; };
		993A53491C7EE273001F93CB /* SquareShader.swift in Sources */ = {isa = PBXBuildFile; fileRef = 993A53471C7EE273001F93CB /* SquareShader.swift */; };
		993A534B1C7EE338001F93CB /* TileShader.swift in Sources */ = {isa = PBXBuildFile; fileRef = 993A534A1C7EE338001F93CB /* TileShader.swift */; };
		993A534D1C7EED0F001F93CB /* FillShader.swift in Sources */ = {isa = PBXBuildFile; fileRef = 993A534C1C7EED0F001F93CB /* FillShader.swift */; };
		994BFCC41CD7B7E900D96156 /* PreferencesViewController.swift in Sources */ = {isa = PBXBuildFile; fileRef = 994BFCC31CD7B7E900D96156 /* PreferencesViewController.swift */; };
		994BFCC91CD7C31600D96156 /* Preferences.swift in Sources */ = {isa = PBXBuildFile; fileRef = 994BFCC81CD7C31600D96156 /* Preferences.swift */; };
		99629C091B547DE800510036 /* AppDelegate.swift in Sources */ = {isa = PBXBuildFile; fileRef = 99629C081B547DE800510036 /* AppDelegate.swift */; };
		99629C2D1B547DE800510036 /* PapyrusUITests.swift in Sources */ = {isa = PBXBuildFile; fileRef = 99629C2C1B547DE800510036 /* PapyrusUITests.swift */; };
		9975A2AF1CF8C9DE003D315F /* wordswithfriends_anagrams.bin in Resources */ = {isa = PBXBuildFile; fileRef = 9975A2AE1CF8C9DE003D315F /* wordswithfriends_anagrams.bin */; };
		997D186B1BCC4EEC0050B872 /* PapyrusViewController.swift in Sources */ = {isa = PBXBuildFile; fileRef = 997D186A1BCC4EEC0050B872 /* PapyrusViewController.swift */; };
		997D186D1BCC570B0050B872 /* TileView.swift in Sources */ = {isa = PBXBuildFile; fileRef = 997D186C1BCC570B0050B872 /* TileView.swift */; };
		998041D71CE73F4A0099EF4E /* TileDistributionRenderer.swift in Sources */ = {isa = PBXBuildFile; fileRef = 998041D61CE73F4A0099EF4E /* TileDistributionRenderer.swift */; };
		998041D91CE73F4F0099EF4E /* TilesRemainingRenderer.swift in Sources */ = {isa = PBXBuildFile; fileRef = 998041D81CE73F4F0099EF4E /* TilesRemainingRenderer.swift */; };
		998041DF1CE741480099EF4E /* TileSwapperViewController.swift in Sources */ = {isa = PBXBuildFile; fileRef = 998041DE1CE741480099EF4E /* TileSwapperViewController.swift */; };
		998041E41CE79B510099EF4E /* BoardShader.swift in Sources */ = {isa = PBXBuildFile; fileRef = 998041E31CE79B510099EF4E /* BoardShader.swift */; };
		999925B01CD091E9005D1C89 /* GamePresenter.swift in Sources */ = {isa = PBXBuildFile; fileRef = 999925AF1CD091E9005D1C89 /* GamePresenter.swift */; };
		99B5013B1BB0C7FB0098767C /* Watchdog.swift in Sources */ = {isa = PBXBuildFile; fileRef = 99B5013A1BB0C7FB0098767C /* Watchdog.swift */; };
		99B861D31CF8CC7C00A9E041 /* sowpods_anagrams.bin in Resources */ = {isa = PBXBuildFile; fileRef = 99B861D11CF8CC7C00A9E041 /* sowpods_anagrams.bin */; };
		99B861D41CF8CC7C00A9E041 /* twl06_anagrams.bin in Resources */ = {isa = PBXBuildFile; fileRef = 99B861D21CF8CC7C00A9E041 /* twl06_anagrams.bin */; };
		99C3D1F31C7BAF510024B932 /* GameView.swift in Sources */ = {isa = PBXBuildFile; fileRef = 99C3D1F21C7BAF510024B932 /* GameView.swift */; };
		99CDF8561CD417C30007DC89 /* TilePickerViewController.swift in Sources */ = {isa = PBXBuildFile; fileRef = 99CDF8551CD417C30007DC89 /* TilePickerViewController.swift */; };
		99D36F501C7E6B2B00A5ADA8 /* BoardDrawable.swift in Sources */ = {isa = PBXBuildFile; fileRef = 99D36F491C7E6B2B00A5ADA8 /* BoardDrawable.swift */; };
		99D36F511C7E6B2B00A5ADA8 /* Drawable.swift in Sources */ = {isa = PBXBuildFile; fileRef = 99D36F4A1C7E6B2B00A5ADA8 /* Drawable.swift */; };
		99D36F521C7E6B2B00A5ADA8 /* SquareDrawable.swift in Sources */ = {isa = PBXBuildFile; fileRef = 99D36F4B1C7E6B2B00A5ADA8 /* SquareDrawable.swift */; };
		99D36F531C7E6B2B00A5ADA8 /* TileDrawable.swift in Sources */ = {isa = PBXBuildFile; fileRef = 99D36F4C1C7E6B2B00A5ADA8 /* TileDrawable.swift */; };
		99D36F541C7E6B2B00A5ADA8 /* CGContext+Renderer.swift in Sources */ = {isa = PBXBuildFile; fileRef = 99D36F4E1C7E6B2B00A5ADA8 /* CGContext+Renderer.swift */; };
		99D36F551C7E6B2B00A5ADA8 /* Renderer.swift in Sources */ = {isa = PBXBuildFile; fileRef = 99D36F4F1C7E6B2B00A5ADA8 /* Renderer.swift */; };
		99DF9E0F1B54ED8200F58DA7 /* UIColor+Papyrus.swift in Sources */ = {isa = PBXBuildFile; fileRef = 99DF9E0E1B54ED8200F58DA7 /* UIColor+Papyrus.swift */; };
		99FD433D1BA5901E00F50DCF /* Assets.xcassets in Resources */ = {isa = PBXBuildFile; fileRef = 99FD43351BA5901E00F50DCF /* Assets.xcassets */; };
		99FD433E1BA5901E00F50DCF /* LaunchScreen.storyboard in Resources */ = {isa = PBXBuildFile; fileRef = 99FD43361BA5901E00F50DCF /* LaunchScreen.storyboard */; };
		99FD433F1BA5901E00F50DCF /* Main.storyboard in Resources */ = {isa = PBXBuildFile; fileRef = 99FD43381BA5901E00F50DCF /* Main.storyboard */; };
		99FD43411BA5901E00F50DCF /* Info.plist in Resources */ = {isa = PBXBuildFile; fileRef = 99FD433C1BA5901E00F50DCF /* Info.plist */; };
/* End PBXBuildFile section */

/* Begin PBXContainerItemProxy section */
		99127A831D1FBFBF009DCF7A /* PBXContainerItemProxy */ = {
			isa = PBXContainerItemProxy;
			containerPortal = 99127A7E1D1FBFBF009DCF7A /* AnagramDictionary.xcodeproj */;
			proxyType = 2;
			remoteGlobalIDString = 99127A591D1FBEFD009DCF7A;
			remoteInfo = AnagramDictionary;
		};
		99127A851D1FBFBF009DCF7A /* PBXContainerItemProxy */ = {
			isa = PBXContainerItemProxy;
			containerPortal = 99127A7E1D1FBFBF009DCF7A /* AnagramDictionary.xcodeproj */;
			proxyType = 2;
			remoteGlobalIDString = 99127A631D1FBEFD009DCF7A;
			remoteInfo = AnagramDictionaryTests;
		};
		991AE45C1D1FC214001C98E4 /* PBXContainerItemProxy */ = {
			isa = PBXContainerItemProxy;
			containerPortal = 991AE4561D1FC214001C98E4 /* Lookup.xcodeproj */;
			proxyType = 2;
			remoteGlobalIDString = 99127A931D1FC082009DCF7A;
			remoteInfo = Lookup;
		};
		991AE45E1D1FC214001C98E4 /* PBXContainerItemProxy */ = {
			isa = PBXContainerItemProxy;
			containerPortal = 991AE4561D1FC214001C98E4 /* Lookup.xcodeproj */;
			proxyType = 2;
			remoteGlobalIDString = 99127A9D1D1FC082009DCF7A;
			remoteInfo = LookupTests;
		};
		991AE47D1D1FC7D8001C98E4 /* PBXContainerItemProxy */ = {
			isa = PBXContainerItemProxy;
			containerPortal = 99127A7E1D1FBFBF009DCF7A /* AnagramDictionary.xcodeproj */;
			proxyType = 1;
			remoteGlobalIDString = 99127A581D1FBEFD009DCF7A;
			remoteInfo = AnagramDictionary;
		};
		991AE47F1D1FC7DA001C98E4 /* PBXContainerItemProxy */ = {
			isa = PBXContainerItemProxy;
			containerPortal = 991AE4561D1FC214001C98E4 /* Lookup.xcodeproj */;
			proxyType = 1;
			remoteGlobalIDString = 99127A921D1FC082009DCF7A;
			remoteInfo = Lookup;
		};
		99629C1E1B547DE800510036 /* PBXContainerItemProxy */ = {
			isa = PBXContainerItemProxy;
			containerPortal = 99629BFD1B547DE800510036 /* Project object */;
			proxyType = 1;
			remoteGlobalIDString = 99629C041B547DE800510036;
			remoteInfo = Papyrus;
		};
		99629C291B547DE800510036 /* PBXContainerItemProxy */ = {
			isa = PBXContainerItemProxy;
			containerPortal = 99629BFD1B547DE800510036 /* Project object */;
			proxyType = 1;
			remoteGlobalIDString = 99629C041B547DE800510036;
			remoteInfo = Papyrus;
		};
		99FD435B1BA59BF900F50DCF /* PBXContainerItemProxy */ = {
			isa = PBXContainerItemProxy;
			containerPortal = 99FD43561BA59BF900F50DCF /* PapyrusCore.xcodeproj */;
			proxyType = 2;
			remoteGlobalIDString = 9960AD6A1BA589D800765614;
			remoteInfo = PapyrusCore;
		};
		99FD435D1BA59BF900F50DCF /* PBXContainerItemProxy */ = {
			isa = PBXContainerItemProxy;
			containerPortal = 99FD43561BA59BF900F50DCF /* PapyrusCore.xcodeproj */;
			proxyType = 2;
			remoteGlobalIDString = 9960AD741BA589D800765614;
			remoteInfo = PapyrusCoreTests;
		};
		99FD435F1BA59C0800F50DCF /* PBXContainerItemProxy */ = {
			isa = PBXContainerItemProxy;
			containerPortal = 99FD43561BA59BF900F50DCF /* PapyrusCore.xcodeproj */;
			proxyType = 1;
			remoteGlobalIDString = 9960AD691BA589D800765614;
			remoteInfo = PapyrusCore;
		};
/* End PBXContainerItemProxy section */

/* Begin PBXFileReference section */
		9901443E1C7E4E61005C81BF /* CGRect+Extensions.swift */ = {isa = PBXFileReference; fileEncoding = 4; lastKnownFileType = sourcecode.swift; path = "CGRect+Extensions.swift"; sourceTree = "<group>"; };
		99127A7E1D1FBFBF009DCF7A /* AnagramDictionary.xcodeproj */ = {isa = PBXFileReference; lastKnownFileType = "wrapper.pb-project"; path = AnagramDictionary.xcodeproj; sourceTree = "<group>"; };
		99139C081D1F12430033E114 /* StarShader.swift */ = {isa = PBXFileReference; fileEncoding = 4; lastKnownFileType = sourcecode.swift; path = StarShader.swift; sourceTree = "<group>"; };
		99139C0B1D1F12770033E114 /* StarDrawable.swift */ = {isa = PBXFileReference; fileEncoding = 4; lastKnownFileType = sourcecode.swift; path = StarDrawable.swift; sourceTree = "<group>"; };
		991AE4561D1FC214001C98E4 /* Lookup.xcodeproj */ = {isa = PBXFileReference; lastKnownFileType = "wrapper.pb-project"; name = Lookup.xcodeproj; path = Lookup/Lookup.xcodeproj; sourceTree = SOURCE_ROOT; };
		991BC8F71CE71F55000D4C6B /* TilesRemainingViewController.swift */ = {isa = PBXFileReference; fileEncoding = 4; lastKnownFileType = sourcecode.swift; path = TilesRemainingViewController.swift; sourceTree = "<group>"; };
		993A53461C7EE273001F93CB /* Shader.swift */ = {isa = PBXFileReference; fileEncoding = 4; lastKnownFileType = sourcecode.swift; path = Shader.swift; sourceTree = "<group>"; };
		993A53471C7EE273001F93CB /* SquareShader.swift */ = {isa = PBXFileReference; fileEncoding = 4; lastKnownFileType = sourcecode.swift; path = SquareShader.swift; sourceTree = "<group>"; };
		993A534A1C7EE338001F93CB /* TileShader.swift */ = {isa = PBXFileReference; fileEncoding = 4; lastKnownFileType = sourcecode.swift; path = TileShader.swift; sourceTree = "<group>"; };
		993A534C1C7EED0F001F93CB /* FillShader.swift */ = {isa = PBXFileReference; fileEncoding = 4; lastKnownFileType = sourcecode.swift; path = FillShader.swift; sourceTree = "<group>"; };
		994BFCC31CD7B7E900D96156 /* PreferencesViewController.swift */ = {isa = PBXFileReference; fileEncoding = 4; lastKnownFileType = sourcecode.swift; path = PreferencesViewController.swift; sourceTree = "<group>"; };
		994BFCC81CD7C31600D96156 /* Preferences.swift */ = {isa = PBXFileReference; fileEncoding = 4; lastKnownFileType = sourcecode.swift; path = Preferences.swift; sourceTree = "<group>"; };
		99629C051B547DE800510036 /* Papyrus.app */ = {isa = PBXFileReference; explicitFileType = wrapper.application; includeInIndex = 0; path = Papyrus.app; sourceTree = BUILT_PRODUCTS_DIR; };
		99629C081B547DE800510036 /* AppDelegate.swift */ = {isa = PBXFileReference; lastKnownFileType = sourcecode.swift; path = AppDelegate.swift; sourceTree = "<group>"; };
		99629C1D1B547DE800510036 /* PapyrusTests.xctest */ = {isa = PBXFileReference; explicitFileType = wrapper.cfbundle; includeInIndex = 0; path = PapyrusTests.xctest; sourceTree = BUILT_PRODUCTS_DIR; };
		99629C231B547DE800510036 /* Info.plist */ = {isa = PBXFileReference; lastKnownFileType = text.plist.xml; path = Info.plist; sourceTree = "<group>"; };
		99629C281B547DE800510036 /* PapyrusUITests.xctest */ = {isa = PBXFileReference; explicitFileType = wrapper.cfbundle; includeInIndex = 0; path = PapyrusUITests.xctest; sourceTree = BUILT_PRODUCTS_DIR; };
		99629C2C1B547DE800510036 /* PapyrusUITests.swift */ = {isa = PBXFileReference; lastKnownFileType = sourcecode.swift; path = PapyrusUITests.swift; sourceTree = "<group>"; };
		99629C2E1B547DE800510036 /* Info.plist */ = {isa = PBXFileReference; lastKnownFileType = text.plist.xml; path = Info.plist; sourceTree = "<group>"; };
		9975A2AE1CF8C9DE003D315F /* wordswithfriends_anagrams.bin */ = {isa = PBXFileReference; lastKnownFileType = archive.macbinary; path = wordswithfriends_anagrams.bin; sourceTree = "<group>"; };
		997D186A1BCC4EEC0050B872 /* PapyrusViewController.swift */ = {isa = PBXFileReference; fileEncoding = 4; lastKnownFileType = sourcecode.swift; path = PapyrusViewController.swift; sourceTree = "<group>"; };
		997D186C1BCC570B0050B872 /* TileView.swift */ = {isa = PBXFileReference; fileEncoding = 4; lastKnownFileType = sourcecode.swift; name = TileView.swift; path = Papyrus/Views/TileView.swift; sourceTree = SOURCE_ROOT; };
		998041D61CE73F4A0099EF4E /* TileDistributionRenderer.swift */ = {isa = PBXFileReference; fileEncoding = 4; lastKnownFileType = sourcecode.swift; path = TileDistributionRenderer.swift; sourceTree = "<group>"; };
		998041D81CE73F4F0099EF4E /* TilesRemainingRenderer.swift */ = {isa = PBXFileReference; fileEncoding = 4; lastKnownFileType = sourcecode.swift; path = TilesRemainingRenderer.swift; sourceTree = "<group>"; };
		998041DE1CE741480099EF4E /* TileSwapperViewController.swift */ = {isa = PBXFileReference; fileEncoding = 4; lastKnownFileType = sourcecode.swift; path = TileSwapperViewController.swift; sourceTree = "<group>"; };
		998041E31CE79B510099EF4E /* BoardShader.swift */ = {isa = PBXFileReference; fileEncoding = 4; lastKnownFileType = sourcecode.swift; path = BoardShader.swift; sourceTree = "<group>"; };
		999925AF1CD091E9005D1C89 /* GamePresenter.swift */ = {isa = PBXFileReference; fileEncoding = 4; lastKnownFileType = sourcecode.swift; path = GamePresenter.swift; sourceTree = "<group>"; };
		99B5013A1BB0C7FB0098767C /* Watchdog.swift */ = {isa = PBXFileReference; fileEncoding = 4; lastKnownFileType = sourcecode.swift; path = Watchdog.swift; sourceTree = "<group>"; };
		99B861D11CF8CC7C00A9E041 /* sowpods_anagrams.bin */ = {isa = PBXFileReference; lastKnownFileType = archive.macbinary; path = sowpods_anagrams.bin; sourceTree = "<group>"; };
		99B861D21CF8CC7C00A9E041 /* twl06_anagrams.bin */ = {isa = PBXFileReference; lastKnownFileType = archive.macbinary; path = twl06_anagrams.bin; sourceTree = "<group>"; };
		99C3D1F21C7BAF510024B932 /* GameView.swift */ = {isa = PBXFileReference; fileEncoding = 4; lastKnownFileType = sourcecode.swift; path = GameView.swift; sourceTree = "<group>"; };
		99CDF8551CD417C30007DC89 /* TilePickerViewController.swift */ = {isa = PBXFileReference; fileEncoding = 4; lastKnownFileType = sourcecode.swift; path = TilePickerViewController.swift; sourceTree = "<group>"; };
		99D36F491C7E6B2B00A5ADA8 /* BoardDrawable.swift */ = {isa = PBXFileReference; fileEncoding = 4; lastKnownFileType = sourcecode.swift; path = BoardDrawable.swift; sourceTree = "<group>"; };
		99D36F4A1C7E6B2B00A5ADA8 /* Drawable.swift */ = {isa = PBXFileReference; fileEncoding = 4; lastKnownFileType = sourcecode.swift; path = Drawable.swift; sourceTree = "<group>"; };
		99D36F4B1C7E6B2B00A5ADA8 /* SquareDrawable.swift */ = {isa = PBXFileReference; fileEncoding = 4; lastKnownFileType = sourcecode.swift; path = SquareDrawable.swift; sourceTree = "<group>"; };
		99D36F4C1C7E6B2B00A5ADA8 /* TileDrawable.swift */ = {isa = PBXFileReference; fileEncoding = 4; lastKnownFileType = sourcecode.swift; path = TileDrawable.swift; sourceTree = "<group>"; };
		99D36F4E1C7E6B2B00A5ADA8 /* CGContext+Renderer.swift */ = {isa = PBXFileReference; fileEncoding = 4; lastKnownFileType = sourcecode.swift; path = "CGContext+Renderer.swift"; sourceTree = "<group>"; };
		99D36F4F1C7E6B2B00A5ADA8 /* Renderer.swift */ = {isa = PBXFileReference; fileEncoding = 4; lastKnownFileType = sourcecode.swift; path = Renderer.swift; sourceTree = "<group>"; };
		99DF9E0E1B54ED8200F58DA7 /* UIColor+Papyrus.swift */ = {isa = PBXFileReference; fileEncoding = 4; lastKnownFileType = sourcecode.swift; path = "UIColor+Papyrus.swift"; sourceTree = "<group>"; };
		99FD43351BA5901E00F50DCF /* Assets.xcassets */ = {isa = PBXFileReference; lastKnownFileType = folder.assetcatalog; path = Assets.xcassets; sourceTree = "<group>"; };
		99FD43371BA5901E00F50DCF /* Base */ = {isa = PBXFileReference; lastKnownFileType = file.storyboard; name = Base; path = Base.lproj/LaunchScreen.storyboard; sourceTree = "<group>"; };
		99FD43391BA5901E00F50DCF /* Base */ = {isa = PBXFileReference; lastKnownFileType = file.storyboard; name = Base; path = Base.lproj/Main.storyboard; sourceTree = "<group>"; };
		99FD433C1BA5901E00F50DCF /* Info.plist */ = {isa = PBXFileReference; fileEncoding = 4; lastKnownFileType = text.plist.xml; path = Info.plist; sourceTree = "<group>"; };
		99FD43561BA59BF900F50DCF /* PapyrusCore.xcodeproj */ = {isa = PBXFileReference; lastKnownFileType = "wrapper.pb-project"; name = PapyrusCore.xcodeproj; path = PapyrusCore/PapyrusCore.xcodeproj; sourceTree = SOURCE_ROOT; };
/* End PBXFileReference section */

/* Begin PBXFrameworksBuildPhase section */
		99629C021B547DE800510036 /* Frameworks */ = {
			isa = PBXFrameworksBuildPhase;
			buildActionMask = 2147483647;
			files = (
			);
			runOnlyForDeploymentPostprocessing = 0;
		};
		99629C1A1B547DE800510036 /* Frameworks */ = {
			isa = PBXFrameworksBuildPhase;
			buildActionMask = 2147483647;
			files = (
			);
			runOnlyForDeploymentPostprocessing = 0;
		};
		99629C251B547DE800510036 /* Frameworks */ = {
			isa = PBXFrameworksBuildPhase;
			buildActionMask = 2147483647;
			files = (
			);
			runOnlyForDeploymentPostprocessing = 0;
		};
/* End PBXFrameworksBuildPhase section */

/* Begin PBXGroup section */
		99127A391D1FBE4B009DCF7A /* Libraries */ = {
			isa = PBXGroup;
			children = (
				99127A7E1D1FBFBF009DCF7A /* AnagramDictionary.xcodeproj */,
				991AE4561D1FC214001C98E4 /* Lookup.xcodeproj */,
				99FD43561BA59BF900F50DCF /* PapyrusCore.xcodeproj */,
			);
			name = Libraries;
			path = AnagramDictionary;
			sourceTree = SOURCE_ROOT;
		};
		99127A7F1D1FBFBF009DCF7A /* Products */ = {
			isa = PBXGroup;
			children = (
				99127A841D1FBFBF009DCF7A /* AnagramDictionary.framework */,
				99127A861D1FBFBF009DCF7A /* AnagramDictionaryTests.xctest */,
			);
			name = Products;
			sourceTree = "<group>";
		};
		991AE4571D1FC214001C98E4 /* Products */ = {
			isa = PBXGroup;
			children = (
				991AE45D1D1FC214001C98E4 /* Lookup.framework */,
				991AE45F1D1FC214001C98E4 /* LookupTests.xctest */,
			);
			name = Products;
			sourceTree = "<group>";
		};
		993A53451C7EE273001F93CB /* Shaders */ = {
			isa = PBXGroup;
			children = (
				993A53461C7EE273001F93CB /* Shader.swift */,
				993A534C1C7EED0F001F93CB /* FillShader.swift */,
				998041E31CE79B510099EF4E /* BoardShader.swift */,
				993A53471C7EE273001F93CB /* SquareShader.swift */,
				99139C081D1F12430033E114 /* StarShader.swift */,
				993A534A1C7EE338001F93CB /* TileShader.swift */,
			);
			path = Shaders;
			sourceTree = "<group>";
		};
		994BFCC71CD7C30E00D96156 /* DataSources */ = {
			isa = PBXGroup;
			children = (
				994BFCC81CD7C31600D96156 /* Preferences.swift */,
			);
			path = DataSources;
			sourceTree = "<group>";
		};
		99629BFC1B547DE800510036 = {
			isa = PBXGroup;
			children = (
				99629C071B547DE800510036 /* Papyrus */,
				99629C201B547DE800510036 /* PapyrusTests */,
				99629C2B1B547DE800510036 /* PapyrusUITests */,
				99629C061B547DE800510036 /* Products */,
			);
			sourceTree = "<group>";
		};
		99629C061B547DE800510036 /* Products */ = {
			isa = PBXGroup;
			children = (
				99629C051B547DE800510036 /* Papyrus.app */,
				99629C1D1B547DE800510036 /* PapyrusTests.xctest */,
				99629C281B547DE800510036 /* PapyrusUITests.xctest */,
			);
			name = Products;
			sourceTree = "<group>";
		};
		99629C071B547DE800510036 /* Papyrus */ = {
			isa = PBXGroup;
			children = (
				99629C081B547DE800510036 /* AppDelegate.swift */,
				99B5013A1BB0C7FB0098767C /* Watchdog.swift */,
				994BFCC71CD7C30E00D96156 /* DataSources */,
				99D36F481C7E6B2B00A5ADA8 /* Drawables */,
				99127A391D1FBE4B009DCF7A /* Libraries */,
				99D36F4D1C7E6B2B00A5ADA8 /* Renderers */,
				993A53451C7EE273001F93CB /* Shaders */,
				99629C581B547E8200510036 /* ViewControllers */,
				999925AE1CD091E9005D1C89 /* Presenters */,
				99629C5A1B547E8200510036 /* Views */,
				99DF9E0D1B54ED7300F58DA7 /* Extensions */,
				99FD43341BA5901E00F50DCF /* Resources */,
			);
			path = Papyrus;
			sourceTree = "<group>";
		};
		99629C201B547DE800510036 /* PapyrusTests */ = {
			isa = PBXGroup;
			children = (
				99629C231B547DE800510036 /* Info.plist */,
			);
			path = PapyrusTests;
			sourceTree = "<group>";
		};
		99629C2B1B547DE800510036 /* PapyrusUITests */ = {
			isa = PBXGroup;
			children = (
				99629C2C1B547DE800510036 /* PapyrusUITests.swift */,
				99629C2E1B547DE800510036 /* Info.plist */,
			);
			path = PapyrusUITests;
			sourceTree = "<group>";
		};
		99629C581B547E8200510036 /* ViewControllers */ = {
			isa = PBXGroup;
			children = (
				997D186A1BCC4EEC0050B872 /* PapyrusViewController.swift */,
				994BFCC31CD7B7E900D96156 /* PreferencesViewController.swift */,
				99CDF8551CD417C30007DC89 /* TilePickerViewController.swift */,
				998041DE1CE741480099EF4E /* TileSwapperViewController.swift */,
				991BC8F71CE71F55000D4C6B /* TilesRemainingViewController.swift */,
			);
			name = ViewControllers;
			path = Papyrus/ViewControllers;
			sourceTree = SOURCE_ROOT;
		};
		99629C5A1B547E8200510036 /* Views */ = {
			isa = PBXGroup;
			children = (
				99C3D1F21C7BAF510024B932 /* GameView.swift */,
				997D186C1BCC570B0050B872 /* TileView.swift */,
			);
			name = Views;
			path = Papyrus/Views;
			sourceTree = SOURCE_ROOT;
		};
		999925AE1CD091E9005D1C89 /* Presenters */ = {
			isa = PBXGroup;
			children = (
				999925AF1CD091E9005D1C89 /* GamePresenter.swift */,
			);
			path = Presenters;
			sourceTree = "<group>";
		};
		99D36F481C7E6B2B00A5ADA8 /* Drawables */ = {
			isa = PBXGroup;
			children = (
				99D36F4A1C7E6B2B00A5ADA8 /* Drawable.swift */,
				99D36F491C7E6B2B00A5ADA8 /* BoardDrawable.swift */,
				99D36F4B1C7E6B2B00A5ADA8 /* SquareDrawable.swift */,
				99139C0B1D1F12770033E114 /* StarDrawable.swift */,
				99D36F4C1C7E6B2B00A5ADA8 /* TileDrawable.swift */,
			);
			path = Drawables;
			sourceTree = "<group>";
		};
		99D36F4D1C7E6B2B00A5ADA8 /* Renderers */ = {
			isa = PBXGroup;
			children = (
				99D36F4E1C7E6B2B00A5ADA8 /* CGContext+Renderer.swift */,
				99D36F4F1C7E6B2B00A5ADA8 /* Renderer.swift */,
				998041D61CE73F4A0099EF4E /* TileDistributionRenderer.swift */,
				998041D81CE73F4F0099EF4E /* TilesRemainingRenderer.swift */,
			);
			path = Renderers;
			sourceTree = "<group>";
		};
		99DF9E0D1B54ED7300F58DA7 /* Extensions */ = {
			isa = PBXGroup;
			children = (
				9901443E1C7E4E61005C81BF /* CGRect+Extensions.swift */,
				99DF9E0E1B54ED8200F58DA7 /* UIColor+Papyrus.swift */,
			);
			path = Extensions;
			sourceTree = "<group>";
		};
		99FD43341BA5901E00F50DCF /* Resources */ = {
			isa = PBXGroup;
			children = (
				99FD43351BA5901E00F50DCF /* Assets.xcassets */,
				99FD43361BA5901E00F50DCF /* LaunchScreen.storyboard */,
				99FD43381BA5901E00F50DCF /* Main.storyboard */,
				99FD433A1BA5901E00F50DCF /* Dictionaries */,
				99FD433C1BA5901E00F50DCF /* Info.plist */,
			);
			path = Resources;
			sourceTree = "<group>";
		};
		99FD433A1BA5901E00F50DCF /* Dictionaries */ = {
			isa = PBXGroup;
			children = (
				99B861D11CF8CC7C00A9E041 /* sowpods_anagrams.bin */,
				99B861D21CF8CC7C00A9E041 /* twl06_anagrams.bin */,
				9975A2AE1CF8C9DE003D315F /* wordswithfriends_anagrams.bin */,
			);
			path = Dictionaries;
			sourceTree = "<group>";
		};
		99FD43571BA59BF900F50DCF /* Products */ = {
			isa = PBXGroup;
			children = (
				99FD435C1BA59BF900F50DCF /* PapyrusCore.framework */,
				99FD435E1BA59BF900F50DCF /* PapyrusCoreTests.xctest */,
			);
			name = Products;
			sourceTree = "<group>";
		};
/* End PBXGroup section */

/* Begin PBXNativeTarget section */
		99629C041B547DE800510036 /* Papyrus */ = {
			isa = PBXNativeTarget;
			buildConfigurationList = 99629C311B547DE800510036 /* Build configuration list for PBXNativeTarget "Papyrus" */;
			buildPhases = (
				99629C011B547DE800510036 /* Sources */,
				99629C021B547DE800510036 /* Frameworks */,
				99629C031B547DE800510036 /* Resources */,
			);
			buildRules = (
			);
			dependencies = (
				991AE4801D1FC7DA001C98E4 /* PBXTargetDependency */,
				991AE47E1D1FC7D8001C98E4 /* PBXTargetDependency */,
				99FD43601BA59C0800F50DCF /* PBXTargetDependency */,
			);
			name = Papyrus;
			productName = Papyrus;
			productReference = 99629C051B547DE800510036 /* Papyrus.app */;
			productType = "com.apple.product-type.application";
		};
		99629C1C1B547DE800510036 /* PapyrusTests */ = {
			isa = PBXNativeTarget;
			buildConfigurationList = 99629C341B547DE800510036 /* Build configuration list for PBXNativeTarget "PapyrusTests" */;
			buildPhases = (
				99629C191B547DE800510036 /* Sources */,
				99629C1A1B547DE800510036 /* Frameworks */,
				99629C1B1B547DE800510036 /* Resources */,
			);
			buildRules = (
			);
			dependencies = (
				99629C1F1B547DE800510036 /* PBXTargetDependency */,
			);
			name = PapyrusTests;
			productName = PapyrusTests;
			productReference = 99629C1D1B547DE800510036 /* PapyrusTests.xctest */;
			productType = "com.apple.product-type.bundle.unit-test";
		};
		99629C271B547DE800510036 /* PapyrusUITests */ = {
			isa = PBXNativeTarget;
			buildConfigurationList = 99629C371B547DE800510036 /* Build configuration list for PBXNativeTarget "PapyrusUITests" */;
			buildPhases = (
				99629C241B547DE800510036 /* Sources */,
				99629C251B547DE800510036 /* Frameworks */,
				99629C261B547DE800510036 /* Resources */,
			);
			buildRules = (
			);
			dependencies = (
				99629C2A1B547DE800510036 /* PBXTargetDependency */,
			);
			name = PapyrusUITests;
			productName = PapyrusUITests;
			productReference = 99629C281B547DE800510036 /* PapyrusUITests.xctest */;
			productType = "com.apple.product-type.bundle.ui-testing";
		};
/* End PBXNativeTarget section */

/* Begin PBXProject section */
		99629BFD1B547DE800510036 /* Project object */ = {
			isa = PBXProject;
			attributes = {
				LastSwiftMigration = 0710;
				LastSwiftUpdateCheck = 0710;
				LastUpgradeCheck = 0700;
				ORGANIZATIONNAME = CJNevin;
				TargetAttributes = {
					99629C041B547DE800510036 = {
						CreatedOnToolsVersion = 7.0;
					};
					99629C1C1B547DE800510036 = {
						CreatedOnToolsVersion = 7.0;
						TestTargetID = 99629C041B547DE800510036;
					};
					99629C271B547DE800510036 = {
						CreatedOnToolsVersion = 7.0;
						TestTargetID = 99629C041B547DE800510036;
					};
				};
			};
			buildConfigurationList = 99629C001B547DE800510036 /* Build configuration list for PBXProject "Papyrus" */;
			compatibilityVersion = "Xcode 3.2";
			developmentRegion = English;
			hasScannedForEncodings = 0;
			knownRegions = (
				en,
				Base,
			);
			mainGroup = 99629BFC1B547DE800510036;
			productRefGroup = 99629C061B547DE800510036 /* Products */;
			projectDirPath = "";
			projectReferences = (
				{
					ProductGroup = 99127A7F1D1FBFBF009DCF7A /* Products */;
					ProjectRef = 99127A7E1D1FBFBF009DCF7A /* AnagramDictionary.xcodeproj */;
				},
				{
					ProductGroup = 991AE4571D1FC214001C98E4 /* Products */;
					ProjectRef = 991AE4561D1FC214001C98E4 /* Lookup.xcodeproj */;
				},
				{
					ProductGroup = 99FD43571BA59BF900F50DCF /* Products */;
					ProjectRef = 99FD43561BA59BF900F50DCF /* PapyrusCore.xcodeproj */;
				},
			);
			projectRoot = "";
			targets = (
				99629C041B547DE800510036 /* Papyrus */,
				99629C1C1B547DE800510036 /* PapyrusTests */,
				99629C271B547DE800510036 /* PapyrusUITests */,
			);
		};
/* End PBXProject section */

/* Begin PBXReferenceProxy section */
		99127A841D1FBFBF009DCF7A /* AnagramDictionary.framework */ = {
			isa = PBXReferenceProxy;
			fileType = wrapper.framework;
			path = AnagramDictionary.framework;
			remoteRef = 99127A831D1FBFBF009DCF7A /* PBXContainerItemProxy */;
			sourceTree = BUILT_PRODUCTS_DIR;
		};
		99127A861D1FBFBF009DCF7A /* AnagramDictionaryTests.xctest */ = {
			isa = PBXReferenceProxy;
			fileType = wrapper.cfbundle;
			path = AnagramDictionaryTests.xctest;
			remoteRef = 99127A851D1FBFBF009DCF7A /* PBXContainerItemProxy */;
			sourceTree = BUILT_PRODUCTS_DIR;
		};
		991AE45D1D1FC214001C98E4 /* Lookup.framework */ = {
			isa = PBXReferenceProxy;
			fileType = wrapper.framework;
			path = Lookup.framework;
			remoteRef = 991AE45C1D1FC214001C98E4 /* PBXContainerItemProxy */;
			sourceTree = BUILT_PRODUCTS_DIR;
		};
		991AE45F1D1FC214001C98E4 /* LookupTests.xctest */ = {
			isa = PBXReferenceProxy;
			fileType = wrapper.cfbundle;
			path = LookupTests.xctest;
			remoteRef = 991AE45E1D1FC214001C98E4 /* PBXContainerItemProxy */;
			sourceTree = BUILT_PRODUCTS_DIR;
		};
		99FD435C1BA59BF900F50DCF /* PapyrusCore.framework */ = {
			isa = PBXReferenceProxy;
			fileType = wrapper.framework;
			path = PapyrusCore.framework;
			remoteRef = 99FD435B1BA59BF900F50DCF /* PBXContainerItemProxy */;
			sourceTree = BUILT_PRODUCTS_DIR;
		};
		99FD435E1BA59BF900F50DCF /* PapyrusCoreTests.xctest */ = {
			isa = PBXReferenceProxy;
			fileType = wrapper.cfbundle;
			path = PapyrusCoreTests.xctest;
			remoteRef = 99FD435D1BA59BF900F50DCF /* PBXContainerItemProxy */;
			sourceTree = BUILT_PRODUCTS_DIR;
		};
/* End PBXReferenceProxy section */

/* Begin PBXResourcesBuildPhase section */
		99629C031B547DE800510036 /* Resources */ = {
			isa = PBXResourcesBuildPhase;
			buildActionMask = 2147483647;
			files = (
				99FD433E1BA5901E00F50DCF /* LaunchScreen.storyboard in Resources */,
				99FD43411BA5901E00F50DCF /* Info.plist in Resources */,
				99B861D41CF8CC7C00A9E041 /* twl06_anagrams.bin in Resources */,
				9975A2AF1CF8C9DE003D315F /* wordswithfriends_anagrams.bin in Resources */,
				99FD433D1BA5901E00F50DCF /* Assets.xcassets in Resources */,
				99FD433F1BA5901E00F50DCF /* Main.storyboard in Resources */,
				99B861D31CF8CC7C00A9E041 /* sowpods_anagrams.bin in Resources */,
			);
			runOnlyForDeploymentPostprocessing = 0;
		};
		99629C1B1B547DE800510036 /* Resources */ = {
			isa = PBXResourcesBuildPhase;
			buildActionMask = 2147483647;
			files = (
			);
			runOnlyForDeploymentPostprocessing = 0;
		};
		99629C261B547DE800510036 /* Resources */ = {
			isa = PBXResourcesBuildPhase;
			buildActionMask = 2147483647;
			files = (
			);
			runOnlyForDeploymentPostprocessing = 0;
		};
/* End PBXResourcesBuildPhase section */

/* Begin PBXSourcesBuildPhase section */
		99629C011B547DE800510036 /* Sources */ = {
			isa = PBXSourcesBuildPhase;
			buildActionMask = 2147483647;
			files = (
				993A534B1C7EE338001F93CB /* TileShader.swift in Sources */,
				993A53481C7EE273001F93CB /* Shader.swift in Sources */,
				99D36F501C7E6B2B00A5ADA8 /* BoardDrawable.swift in Sources */,
				998041D91CE73F4F0099EF4E /* TilesRemainingRenderer.swift in Sources */,
				997D186D1BCC570B0050B872 /* TileView.swift in Sources */,
				99D36F521C7E6B2B00A5ADA8 /* SquareDrawable.swift in Sources */,
				993A534D1C7EED0F001F93CB /* FillShader.swift in Sources */,
				998041E41CE79B510099EF4E /* BoardShader.swift in Sources */,
				998041D71CE73F4A0099EF4E /* TileDistributionRenderer.swift in Sources */,
				993A53491C7EE273001F93CB /* SquareShader.swift in Sources */,
				9901443F1C7E4E61005C81BF /* CGRect+Extensions.swift in Sources */,
				994BFCC91CD7C31600D96156 /* Preferences.swift in Sources */,
				998041DF1CE741480099EF4E /* TileSwapperViewController.swift in Sources */,
				99139C0C1D1F12770033E114 /* StarDrawable.swift in Sources */,
				99B5013B1BB0C7FB0098767C /* Watchdog.swift in Sources */,
				999925B01CD091E9005D1C89 /* GamePresenter.swift in Sources */,
				99CDF8561CD417C30007DC89 /* TilePickerViewController.swift in Sources */,
				99D36F551C7E6B2B00A5ADA8 /* Renderer.swift in Sources */,
				99629C091B547DE800510036 /* AppDelegate.swift in Sources */,
				99DF9E0F1B54ED8200F58DA7 /* UIColor+Papyrus.swift in Sources */,
				99D36F511C7E6B2B00A5ADA8 /* Drawable.swift in Sources */,
				994BFCC41CD7B7E900D96156 /* PreferencesViewController.swift in Sources */,
				99D36F541C7E6B2B00A5ADA8 /* CGContext+Renderer.swift in Sources */,
				991BC8F81CE71F55000D4C6B /* TilesRemainingViewController.swift in Sources */,
				99C3D1F31C7BAF510024B932 /* GameView.swift in Sources */,
				997D186B1BCC4EEC0050B872 /* PapyrusViewController.swift in Sources */,
				99139C091D1F12430033E114 /* StarShader.swift in Sources */,
				99D36F531C7E6B2B00A5ADA8 /* TileDrawable.swift in Sources */,
			);
			runOnlyForDeploymentPostprocessing = 0;
		};
		99629C191B547DE800510036 /* Sources */ = {
			isa = PBXSourcesBuildPhase;
			buildActionMask = 2147483647;
			files = (
			);
			runOnlyForDeploymentPostprocessing = 0;
		};
		99629C241B547DE800510036 /* Sources */ = {
			isa = PBXSourcesBuildPhase;
			buildActionMask = 2147483647;
			files = (
				99629C2D1B547DE800510036 /* PapyrusUITests.swift in Sources */,
			);
			runOnlyForDeploymentPostprocessing = 0;
		};
/* End PBXSourcesBuildPhase section */

/* Begin PBXTargetDependency section */
		991AE47E1D1FC7D8001C98E4 /* PBXTargetDependency */ = {
			isa = PBXTargetDependency;
			name = AnagramDictionary;
			targetProxy = 991AE47D1D1FC7D8001C98E4 /* PBXContainerItemProxy */;
		};
		991AE4801D1FC7DA001C98E4 /* PBXTargetDependency */ = {
			isa = PBXTargetDependency;
			name = Lookup;
			targetProxy = 991AE47F1D1FC7DA001C98E4 /* PBXContainerItemProxy */;
		};
		99629C1F1B547DE800510036 /* PBXTargetDependency */ = {
			isa = PBXTargetDependency;
			target = 99629C041B547DE800510036 /* Papyrus */;
			targetProxy = 99629C1E1B547DE800510036 /* PBXContainerItemProxy */;
		};
		99629C2A1B547DE800510036 /* PBXTargetDependency */ = {
			isa = PBXTargetDependency;
			target = 99629C041B547DE800510036 /* Papyrus */;
			targetProxy = 99629C291B547DE800510036 /* PBXContainerItemProxy */;
		};
		99FD43601BA59C0800F50DCF /* PBXTargetDependency */ = {
			isa = PBXTargetDependency;
			name = PapyrusCore;
			targetProxy = 99FD435F1BA59C0800F50DCF /* PBXContainerItemProxy */;
		};
/* End PBXTargetDependency section */

/* Begin PBXVariantGroup section */
		99FD43361BA5901E00F50DCF /* LaunchScreen.storyboard */ = {
			isa = PBXVariantGroup;
			children = (
				99FD43371BA5901E00F50DCF /* Base */,
			);
			name = LaunchScreen.storyboard;
			sourceTree = "<group>";
		};
		99FD43381BA5901E00F50DCF /* Main.storyboard */ = {
			isa = PBXVariantGroup;
			children = (
				99FD43391BA5901E00F50DCF /* Base */,
			);
			name = Main.storyboard;
			sourceTree = "<group>";
		};
/* End PBXVariantGroup section */

/* Begin XCBuildConfiguration section */
		99629C2F1B547DE800510036 /* Debug */ = {
			isa = XCBuildConfiguration;
			buildSettings = {
				ALWAYS_SEARCH_USER_PATHS = NO;
				CLANG_CXX_LANGUAGE_STANDARD = "gnu++0x";
				CLANG_CXX_LIBRARY = "libc++";
				CLANG_ENABLE_MODULES = YES;
				CLANG_ENABLE_OBJC_ARC = YES;
				CLANG_WARN_BOOL_CONVERSION = YES;
				CLANG_WARN_CONSTANT_CONVERSION = YES;
				CLANG_WARN_DIRECT_OBJC_ISA_USAGE = YES_ERROR;
				CLANG_WARN_EMPTY_BODY = YES;
				CLANG_WARN_ENUM_CONVERSION = YES;
				CLANG_WARN_INT_CONVERSION = YES;
				CLANG_WARN_OBJC_ROOT_CLASS = YES_ERROR;
				CLANG_WARN_UNREACHABLE_CODE = YES;
				CLANG_WARN__DUPLICATE_METHOD_MATCH = YES;
				"CODE_SIGN_IDENTITY[sdk=iphoneos*]" = "iPhone Developer";
				COPY_PHASE_STRIP = NO;
				DEBUG_INFORMATION_FORMAT = dwarf;
				ENABLE_STRICT_OBJC_MSGSEND = YES;
				ENABLE_TESTABILITY = YES;
				GCC_C_LANGUAGE_STANDARD = gnu99;
				GCC_DYNAMIC_NO_PIC = NO;
				GCC_NO_COMMON_BLOCKS = YES;
				GCC_OPTIMIZATION_LEVEL = 0;
				GCC_PREPROCESSOR_DEFINITIONS = (
					"DEBUG=1",
					"$(inherited)",
				);
				GCC_WARN_64_TO_32_BIT_CONVERSION = YES;
				GCC_WARN_ABOUT_RETURN_TYPE = YES_ERROR;
				GCC_WARN_UNDECLARED_SELECTOR = YES;
				GCC_WARN_UNINITIALIZED_AUTOS = YES_AGGRESSIVE;
				GCC_WARN_UNUSED_FUNCTION = YES;
				GCC_WARN_UNUSED_VARIABLE = YES;
				IPHONEOS_DEPLOYMENT_TARGET = 9.0;
				MTL_ENABLE_DEBUG_INFO = YES;
				ONLY_ACTIVE_ARCH = YES;
				SDKROOT = iphoneos;
				SWIFT_OPTIMIZATION_LEVEL = "-Onone";
				TARGETED_DEVICE_FAMILY = "1,2";
			};
			name = Debug;
		};
		99629C301B547DE800510036 /* Release */ = {
			isa = XCBuildConfiguration;
			buildSettings = {
				ALWAYS_SEARCH_USER_PATHS = NO;
				CLANG_CXX_LANGUAGE_STANDARD = "gnu++0x";
				CLANG_CXX_LIBRARY = "libc++";
				CLANG_ENABLE_MODULES = YES;
				CLANG_ENABLE_OBJC_ARC = YES;
				CLANG_WARN_BOOL_CONVERSION = YES;
				CLANG_WARN_CONSTANT_CONVERSION = YES;
				CLANG_WARN_DIRECT_OBJC_ISA_USAGE = YES_ERROR;
				CLANG_WARN_EMPTY_BODY = YES;
				CLANG_WARN_ENUM_CONVERSION = YES;
				CLANG_WARN_INT_CONVERSION = YES;
				CLANG_WARN_OBJC_ROOT_CLASS = YES_ERROR;
				CLANG_WARN_UNREACHABLE_CODE = YES;
				CLANG_WARN__DUPLICATE_METHOD_MATCH = YES;
				"CODE_SIGN_IDENTITY[sdk=iphoneos*]" = "iPhone Developer";
				COPY_PHASE_STRIP = NO;
				DEBUG_INFORMATION_FORMAT = "dwarf-with-dsym";
				ENABLE_NS_ASSERTIONS = NO;
				ENABLE_STRICT_OBJC_MSGSEND = YES;
				GCC_C_LANGUAGE_STANDARD = gnu99;
				GCC_NO_COMMON_BLOCKS = YES;
				GCC_WARN_64_TO_32_BIT_CONVERSION = YES;
				GCC_WARN_ABOUT_RETURN_TYPE = YES_ERROR;
				GCC_WARN_UNDECLARED_SELECTOR = YES;
				GCC_WARN_UNINITIALIZED_AUTOS = YES_AGGRESSIVE;
				GCC_WARN_UNUSED_FUNCTION = YES;
				GCC_WARN_UNUSED_VARIABLE = YES;
				IPHONEOS_DEPLOYMENT_TARGET = 9.0;
				MTL_ENABLE_DEBUG_INFO = NO;
				SDKROOT = iphoneos;
				TARGETED_DEVICE_FAMILY = "1,2";
				VALIDATE_PRODUCT = YES;
			};
			name = Release;
		};
		99629C321B547DE800510036 /* Debug */ = {
			isa = XCBuildConfiguration;
			buildSettings = {
				ASSETCATALOG_COMPILER_APPICON_NAME = AppIcon;
				GCC_OPTIMIZATION_LEVEL = fast;
				INFOPLIST_FILE = "$(SRCROOT)/Papyrus/Resources/Info.plist";
				LD_RUNPATH_SEARCH_PATHS = "$(inherited) @executable_path/Frameworks";
				PRODUCT_BUNDLE_IDENTIFIER = com.cjnevin.Papyrus;
				PRODUCT_NAME = "$(TARGET_NAME)";
				TARGETED_DEVICE_FAMILY = 1;
			};
			name = Debug;
		};
		99629C331B547DE800510036 /* Release */ = {
			isa = XCBuildConfiguration;
			buildSettings = {
				ASSETCATALOG_COMPILER_APPICON_NAME = AppIcon;
				INFOPLIST_FILE = "$(SRCROOT)/Papyrus/Resources/Info.plist";
				LD_RUNPATH_SEARCH_PATHS = "$(inherited) @executable_path/Frameworks";
				PRODUCT_BUNDLE_IDENTIFIER = com.cjnevin.Papyrus;
				PRODUCT_NAME = "$(TARGET_NAME)";
				TARGETED_DEVICE_FAMILY = 1;
			};
			name = Release;
		};
		99629C351B547DE800510036 /* Debug */ = {
			isa = XCBuildConfiguration;
			buildSettings = {
				BUNDLE_LOADER = "$(TEST_HOST)";
				GCC_OPTIMIZATION_LEVEL = fast;
				INFOPLIST_FILE = PapyrusTests/Info.plist;
				LD_RUNPATH_SEARCH_PATHS = "$(inherited) @executable_path/Frameworks @loader_path/Frameworks";
				PRODUCT_BUNDLE_IDENTIFIER = com.cjnevin.PapyrusTests;
				PRODUCT_NAME = "$(TARGET_NAME)";
				TEST_HOST = "$(BUILT_PRODUCTS_DIR)/Papyrus.app/Papyrus";
			};
			name = Debug;
		};
		99629C361B547DE800510036 /* Release */ = {
			isa = XCBuildConfiguration;
			buildSettings = {
				BUNDLE_LOADER = "$(TEST_HOST)";
				INFOPLIST_FILE = PapyrusTests/Info.plist;
				LD_RUNPATH_SEARCH_PATHS = "$(inherited) @executable_path/Frameworks @loader_path/Frameworks";
				PRODUCT_BUNDLE_IDENTIFIER = com.cjnevin.PapyrusTests;
				PRODUCT_NAME = "$(TARGET_NAME)";
				TEST_HOST = "$(BUILT_PRODUCTS_DIR)/Papyrus.app/Papyrus";
			};
			name = Release;
		};
		99629C381B547DE800510036 /* Debug */ = {
			isa = XCBuildConfiguration;
			buildSettings = {
				INFOPLIST_FILE = PapyrusUITests/Info.plist;
				LD_RUNPATH_SEARCH_PATHS = "$(inherited) @executable_path/Frameworks @loader_path/Frameworks";
				PRODUCT_BUNDLE_IDENTIFIER = com.cjnevin.PapyrusUITests;
				PRODUCT_NAME = "$(TARGET_NAME)";
				TEST_TARGET_NAME = Papyrus;
				USES_XCTRUNNER = YES;
			};
			name = Debug;
		};
		99629C391B547DE800510036 /* Release */ = {
			isa = XCBuildConfiguration;
			buildSettings = {
				INFOPLIST_FILE = PapyrusUITests/Info.plist;
				LD_RUNPATH_SEARCH_PATHS = "$(inherited) @executable_path/Frameworks @loader_path/Frameworks";
				PRODUCT_BUNDLE_IDENTIFIER = com.cjnevin.PapyrusUITests;
				PRODUCT_NAME = "$(TARGET_NAME)";
				TEST_TARGET_NAME = Papyrus;
				USES_XCTRUNNER = YES;
			};
			name = Release;
		};
/* End XCBuildConfiguration section */

/* Begin XCConfigurationList section */
		99629C001B547DE800510036 /* Build configuration list for PBXProject "Papyrus" */ = {
			isa = XCConfigurationList;
			buildConfigurations = (
				99629C2F1B547DE800510036 /* Debug */,
				99629C301B547DE800510036 /* Release */,
			);
			defaultConfigurationIsVisible = 0;
			defaultConfigurationName = Release;
		};
		99629C311B547DE800510036 /* Build configuration list for PBXNativeTarget "Papyrus" */ = {
			isa = XCConfigurationList;
			buildConfigurations = (
				99629C321B547DE800510036 /* Debug */,
				99629C331B547DE800510036 /* Release */,
			);
			defaultConfigurationIsVisible = 0;
			defaultConfigurationName = Release;
		};
		99629C341B547DE800510036 /* Build configuration list for PBXNativeTarget "PapyrusTests" */ = {
			isa = XCConfigurationList;
			buildConfigurations = (
				99629C351B547DE800510036 /* Debug */,
				99629C361B547DE800510036 /* Release */,
			);
			defaultConfigurationIsVisible = 0;
			defaultConfigurationName = Release;
		};
		99629C371B547DE800510036 /* Build configuration list for PBXNativeTarget "PapyrusUITests" */ = {
			isa = XCConfigurationList;
			buildConfigurations = (
				99629C381B547DE800510036 /* Debug */,
				99629C391B547DE800510036 /* Release */,
			);
			defaultConfigurationIsVisible = 0;
			defaultConfigurationName = Release;
		};
/* End XCConfigurationList section */
	};
	rootObject = 99629BFD1B547DE800510036 /* Project object */;
}
