// !$*UTF8*$!
{
	archiveVersion = 1;
	classes = {
	};
	objectVersion = 46;
	objects = {

/* Begin PBXBuildFile section */
		993F978C19A7555100B8410B /* AppDelegate.swift in Sources */ = {isa = PBXBuildFile; fileRef = 993F978B19A7555100B8410B /* AppDelegate.swift */; };
		993F979519A7555100B8410B /* Main.storyboard in Resources */ = {isa = PBXBuildFile; fileRef = 993F979319A7555100B8410B /* Main.storyboard */; };
		993F97A319A7555100B8410B /* LocutionTests.swift in Sources */ = {isa = PBXBuildFile; fileRef = 993F97A219A7555100B8410B /* LocutionTests.swift */; };
		999A81CC19EFB0BD001C7B41 /* Styling.swift in Sources */ = {isa = PBXBuildFile; fileRef = 999A81CB19EFB0BD001C7B41 /* Styling.swift */; };
		99AACAC019A87D0200238253 /* Locution.swift in Sources */ = {isa = PBXBuildFile; fileRef = 99AACAB819A87D0200238253 /* Locution.swift */; };
		99AACAC119A87D0200238253 /* Images.xcassets in Resources */ = {isa = PBXBuildFile; fileRef = 99AACABA19A87D0200238253 /* Images.xcassets */; };
		99AACAC219A87D0200238253 /* GameViewController.swift in Sources */ = {isa = PBXBuildFile; fileRef = 99AACABC19A87D0200238253 /* GameViewController.swift */; };
		99AACAC419A87D0200238253 /* GameScene.swift in Sources */ = {isa = PBXBuildFile; fileRef = 99AACABF19A87D0200238253 /* GameScene.swift */; };
		99AACACC19A87EBA00238253 /* GameScene.sks in Resources */ = {isa = PBXBuildFile; fileRef = 99AACACB19A87EBA00238253 /* GameScene.sks */; };
		99AACAD319A8A4E600238253 /* Sprites.swift in Sources */ = {isa = PBXBuildFile; fileRef = 99AACAD219A8A4E600238253 /* Sprites.swift */; };
/* End PBXBuildFile section */

/* Begin PBXContainerItemProxy section */
		993F979D19A7555100B8410B /* PBXContainerItemProxy */ = {
			isa = PBXContainerItemProxy;
			containerPortal = 993F977E19A7555100B8410B /* Project object */;
			proxyType = 1;
			remoteGlobalIDString = 993F978519A7555100B8410B;
			remoteInfo = Locution;
		};
/* End PBXContainerItemProxy section */

/* Begin PBXFileReference section */
		993F978619A7555100B8410B /* Locution.app */ = {isa = PBXFileReference; explicitFileType = wrapper.application; includeInIndex = 0; path = Locution.app; sourceTree = BUILT_PRODUCTS_DIR; };
		993F978A19A7555100B8410B /* Info.plist */ = {isa = PBXFileReference; lastKnownFileType = text.plist.xml; path = Info.plist; sourceTree = "<group>"; };
		993F978B19A7555100B8410B /* AppDelegate.swift */ = {isa = PBXFileReference; lastKnownFileType = sourcecode.swift; path = AppDelegate.swift; sourceTree = "<group>"; };
		993F979419A7555100B8410B /* Base */ = {isa = PBXFileReference; lastKnownFileType = file.storyboard; name = Base; path = Base.lproj/Main.storyboard; sourceTree = "<group>"; };
		993F979C19A7555100B8410B /* LocutionTests.xctest */ = {isa = PBXFileReference; explicitFileType = wrapper.cfbundle; includeInIndex = 0; path = LocutionTests.xctest; sourceTree = BUILT_PRODUCTS_DIR; };
		993F97A119A7555100B8410B /* Info.plist */ = {isa = PBXFileReference; lastKnownFileType = text.plist.xml; path = Info.plist; sourceTree = "<group>"; };
		993F97A219A7555100B8410B /* LocutionTests.swift */ = {isa = PBXFileReference; lastKnownFileType = sourcecode.swift; path = LocutionTests.swift; sourceTree = "<group>"; };
		999A81CB19EFB0BD001C7B41 /* Styling.swift */ = {isa = PBXFileReference; fileEncoding = 4; lastKnownFileType = sourcecode.swift; name = Styling.swift; path = Models/Styling.swift; sourceTree = SOURCE_ROOT; };
		99AACAB819A87D0200238253 /* Locution.swift */ = {isa = PBXFileReference; fileEncoding = 4; lastKnownFileType = sourcecode.swift; path = Locution.swift; sourceTree = "<group>"; };
		99AACABA19A87D0200238253 /* Images.xcassets */ = {isa = PBXFileReference; lastKnownFileType = folder.assetcatalog; path = Images.xcassets; sourceTree = "<group>"; };
		99AACABC19A87D0200238253 /* GameViewController.swift */ = {isa = PBXFileReference; fileEncoding = 4; lastKnownFileType = sourcecode.swift; path = GameViewController.swift; sourceTree = "<group>"; };
		99AACABF19A87D0200238253 /* GameScene.swift */ = {isa = PBXFileReference; fileEncoding = 4; lastKnownFileType = sourcecode.swift; path = GameScene.swift; sourceTree = "<group>"; };
		99AACACB19A87EBA00238253 /* GameScene.sks */ = {isa = PBXFileReference; lastKnownFileType = file.sks; path = GameScene.sks; sourceTree = "<group>"; };
		99AACAD219A8A4E600238253 /* Sprites.swift */ = {isa = PBXFileReference; fileEncoding = 4; lastKnownFileType = sourcecode.swift; path = Sprites.swift; sourceTree = "<group>"; };
/* End PBXFileReference section */

/* Begin PBXFrameworksBuildPhase section */
		993F978319A7555100B8410B /* Frameworks */ = {
			isa = PBXFrameworksBuildPhase;
			buildActionMask = 2147483647;
			files = (
			);
			runOnlyForDeploymentPostprocessing = 0;
		};
		993F979919A7555100B8410B /* Frameworks */ = {
			isa = PBXFrameworksBuildPhase;
			buildActionMask = 2147483647;
			files = (
			);
			runOnlyForDeploymentPostprocessing = 0;
		};
/* End PBXFrameworksBuildPhase section */

/* Begin PBXGroup section */
		993F977D19A7555100B8410B = {
			isa = PBXGroup;
			children = (
				993F978819A7555100B8410B /* Locution */,
				99AACAB719A87D0200238253 /* Model */,
				99AACABD19A87D0200238253 /* Views */,
				99AACABB19A87D0200238253 /* ViewControllers */,
				99AACAB919A87D0200238253 /* Resources */,
				993F979F19A7555100B8410B /* LocutionTests */,
				993F978719A7555100B8410B /* Products */,
			);
			sourceTree = "<group>";
		};
		993F978719A7555100B8410B /* Products */ = {
			isa = PBXGroup;
			children = (
				993F978619A7555100B8410B /* Locution.app */,
				993F979C19A7555100B8410B /* LocutionTests.xctest */,
			);
			name = Products;
			sourceTree = "<group>";
		};
		993F978819A7555100B8410B /* Locution */ = {
			isa = PBXGroup;
			children = (
				993F978B19A7555100B8410B /* AppDelegate.swift */,
				993F979319A7555100B8410B /* Main.storyboard */,
				993F978919A7555100B8410B /* Supporting Files */,
			);
			path = Locution;
			sourceTree = "<group>";
		};
		993F978919A7555100B8410B /* Supporting Files */ = {
			isa = PBXGroup;
			children = (
				993F978A19A7555100B8410B /* Info.plist */,
			);
			name = "Supporting Files";
			sourceTree = "<group>";
		};
		993F979F19A7555100B8410B /* LocutionTests */ = {
			isa = PBXGroup;
			children = (
				993F97A219A7555100B8410B /* LocutionTests.swift */,
				993F97A019A7555100B8410B /* Supporting Files */,
			);
			path = LocutionTests;
			sourceTree = "<group>";
		};
		993F97A019A7555100B8410B /* Supporting Files */ = {
			isa = PBXGroup;
			children = (
				993F97A119A7555100B8410B /* Info.plist */,
			);
			name = "Supporting Files";
			sourceTree = "<group>";
		};
		99AACAB719A87D0200238253 /* Model */ = {
			isa = PBXGroup;
			children = (
				99AACAB819A87D0200238253 /* Locution.swift */,
				999A81CB19EFB0BD001C7B41 /* Styling.swift */,
			);
			name = Model;
			path = Models;
			sourceTree = "<group>";
		};
		99AACAB919A87D0200238253 /* Resources */ = {
			isa = PBXGroup;
			children = (
				99AACACB19A87EBA00238253 /* GameScene.sks */,
				99AACABA19A87D0200238253 /* Images.xcassets */,
			);
			path = Resources;
			sourceTree = "<group>";
		};
		99AACABB19A87D0200238253 /* ViewControllers */ = {
			isa = PBXGroup;
			children = (
				99AACABC19A87D0200238253 /* GameViewController.swift */,
			);
			path = ViewControllers;
			sourceTree = "<group>";
		};
		99AACABD19A87D0200238253 /* Views */ = {
			isa = PBXGroup;
			children = (
				99AACABF19A87D0200238253 /* GameScene.swift */,
				99AACAD219A8A4E600238253 /* Sprites.swift */,
			);
			path = Views;
			sourceTree = "<group>";
		};
/* End PBXGroup section */

/* Begin PBXNativeTarget section */
		993F978519A7555100B8410B /* Locution */ = {
			isa = PBXNativeTarget;
			buildConfigurationList = 993F97A619A7555100B8410B /* Build configuration list for PBXNativeTarget "Locution" */;
			buildPhases = (
				993F978219A7555100B8410B /* Sources */,
				993F978319A7555100B8410B /* Frameworks */,
				993F978419A7555100B8410B /* Resources */,
			);
			buildRules = (
			);
			dependencies = (
			);
			name = Locution;
			productName = Locution;
			productReference = 993F978619A7555100B8410B /* Locution.app */;
			productType = "com.apple.product-type.application";
		};
		993F979B19A7555100B8410B /* LocutionTests */ = {
			isa = PBXNativeTarget;
			buildConfigurationList = 993F97A919A7555100B8410B /* Build configuration list for PBXNativeTarget "LocutionTests" */;
			buildPhases = (
				993F979819A7555100B8410B /* Sources */,
				993F979919A7555100B8410B /* Frameworks */,
				993F979A19A7555100B8410B /* Resources */,
			);
			buildRules = (
			);
			dependencies = (
				993F979E19A7555100B8410B /* PBXTargetDependency */,
			);
			name = LocutionTests;
			productName = LocutionTests;
			productReference = 993F979C19A7555100B8410B /* LocutionTests.xctest */;
			productType = "com.apple.product-type.bundle.unit-test";
		};
/* End PBXNativeTarget section */

/* Begin PBXProject section */
		993F977E19A7555100B8410B /* Project object */ = {
			isa = PBXProject;
			attributes = {
				LastUpgradeCheck = 0600;
				ORGANIZATIONNAME = "Alive Mobile Group";
				TargetAttributes = {
					993F978519A7555100B8410B = {
						CreatedOnToolsVersion = 6.0;
					};
					993F979B19A7555100B8410B = {
						CreatedOnToolsVersion = 6.0;
						TestTargetID = 993F978519A7555100B8410B;
					};
				};
			};
			buildConfigurationList = 993F978119A7555100B8410B /* Build configuration list for PBXProject "Locution" */;
			compatibilityVersion = "Xcode 3.2";
			developmentRegion = English;
			hasScannedForEncodings = 0;
			knownRegions = (
				en,
				Base,
			);
			mainGroup = 993F977D19A7555100B8410B;
			productRefGroup = 993F978719A7555100B8410B /* Products */;
			projectDirPath = "";
			projectRoot = "";
			targets = (
				993F978519A7555100B8410B /* Locution */,
				993F979B19A7555100B8410B /* LocutionTests */,
			);
		};
/* End PBXProject section */

/* Begin PBXResourcesBuildPhase section */
		993F978419A7555100B8410B /* Resources */ = {
			isa = PBXResourcesBuildPhase;
			buildActionMask = 2147483647;
			files = (
				99AACAC119A87D0200238253 /* Images.xcassets in Resources */,
				99AACACC19A87EBA00238253 /* GameScene.sks in Resources */,
				993F979519A7555100B8410B /* Main.storyboard in Resources */,
			);
			runOnlyForDeploymentPostprocessing = 0;
		};
		993F979A19A7555100B8410B /* Resources */ = {
			isa = PBXResourcesBuildPhase;
			buildActionMask = 2147483647;
			files = (
			);
			runOnlyForDeploymentPostprocessing = 0;
		};
/* End PBXResourcesBuildPhase section */

/* Begin PBXSourcesBuildPhase section */
		993F978219A7555100B8410B /* Sources */ = {
			isa = PBXSourcesBuildPhase;
			buildActionMask = 2147483647;
			files = (
				999A81CC19EFB0BD001C7B41 /* Styling.swift in Sources */,
				99AACAC019A87D0200238253 /* Locution.swift in Sources */,
				99AACAC219A87D0200238253 /* GameViewController.swift in Sources */,
				99AACAD319A8A4E600238253 /* Sprites.swift in Sources */,
				99AACAC419A87D0200238253 /* GameScene.swift in Sources */,
				993F978C19A7555100B8410B /* AppDelegate.swift in Sources */,
			);
			runOnlyForDeploymentPostprocessing = 0;
		};
		993F979819A7555100B8410B /* Sources */ = {
			isa = PBXSourcesBuildPhase;
			buildActionMask = 2147483647;
			files = (
				993F97A319A7555100B8410B /* LocutionTests.swift in Sources */,
			);
			runOnlyForDeploymentPostprocessing = 0;
		};
/* End PBXSourcesBuildPhase section */

/* Begin PBXTargetDependency section */
		993F979E19A7555100B8410B /* PBXTargetDependency */ = {
			isa = PBXTargetDependency;
			target = 993F978519A7555100B8410B /* Locution */;
			targetProxy = 993F979D19A7555100B8410B /* PBXContainerItemProxy */;
		};
/* End PBXTargetDependency section */

/* Begin PBXVariantGroup section */
		993F979319A7555100B8410B /* Main.storyboard */ = {
			isa = PBXVariantGroup;
			children = (
				993F979419A7555100B8410B /* Base */,
			);
			name = Main.storyboard;
			sourceTree = "<group>";
		};
/* End PBXVariantGroup section */

/* Begin XCBuildConfiguration section */
		993F97A419A7555100B8410B /* Debug */ = {
			isa = XCBuildConfiguration;
			buildSettings = {
				ALWAYS_SEARCH_USER_PATHS = NO;
				CLANG_CXX_LANGUAGE_STANDARD = "gnu++0x";
				CLANG_CXX_LIBRARY = "libc++";
				CLANG_ENABLE_MODULES = YES;
				CLANG_ENABLE_OBJC_ARC = YES;
				CLANG_WARN_BOOL_CONVERSION = YES;
				CLANG_WARN_CONSTANT_CONVERSION = YES;
				CLANG_WARN_DIRECT_OBJC_ISA_USAGE = YES_ERROR;
				CLANG_WARN_EMPTY_BODY = YES;
				CLANG_WARN_ENUM_CONVERSION = YES;
				CLANG_WARN_INT_CONVERSION = YES;
				CLANG_WARN_OBJC_ROOT_CLASS = YES_ERROR;
				CLANG_WARN_UNREACHABLE_CODE = YES;
				CLANG_WARN__DUPLICATE_METHOD_MATCH = YES;
				"CODE_SIGN_IDENTITY[sdk=iphoneos*]" = "iPhone Developer";
				COPY_PHASE_STRIP = NO;
				ENABLE_STRICT_OBJC_MSGSEND = YES;
				GCC_C_LANGUAGE_STANDARD = gnu99;
				GCC_DYNAMIC_NO_PIC = NO;
				GCC_OPTIMIZATION_LEVEL = 0;
				GCC_PREPROCESSOR_DEFINITIONS = (
					"DEBUG=1",
					"$(inherited)",
				);
				GCC_SYMBOLS_PRIVATE_EXTERN = NO;
				GCC_WARN_64_TO_32_BIT_CONVERSION = YES;
				GCC_WARN_ABOUT_RETURN_TYPE = YES_ERROR;
				GCC_WARN_UNDECLARED_SELECTOR = YES;
				GCC_WARN_UNINITIALIZED_AUTOS = YES_AGGRESSIVE;
				GCC_WARN_UNUSED_FUNCTION = YES;
				GCC_WARN_UNUSED_VARIABLE = YES;
				IPHONEOS_DEPLOYMENT_TARGET = 8.0;
				MTL_ENABLE_DEBUG_INFO = YES;
				ONLY_ACTIVE_ARCH = YES;
				SDKROOT = iphoneos;
				SWIFT_OPTIMIZATION_LEVEL = "-Onone";
			};
			name = Debug;
		};
		993F97A519A7555100B8410B /* Release */ = {
			isa = XCBuildConfiguration;
			buildSettings = {
				ALWAYS_SEARCH_USER_PATHS = NO;
				CLANG_CXX_LANGUAGE_STANDARD = "gnu++0x";
				CLANG_CXX_LIBRARY = "libc++";
				CLANG_ENABLE_MODULES = YES;
				CLANG_ENABLE_OBJC_ARC = YES;
				CLANG_WARN_BOOL_CONVERSION = YES;
				CLANG_WARN_CONSTANT_CONVERSION = YES;
				CLANG_WARN_DIRECT_OBJC_ISA_USAGE = YES_ERROR;
				CLANG_WARN_EMPTY_BODY = YES;
				CLANG_WARN_ENUM_CONVERSION = YES;
				CLANG_WARN_INT_CONVERSION = YES;
				CLANG_WARN_OBJC_ROOT_CLASS = YES_ERROR;
				CLANG_WARN_UNREACHABLE_CODE = YES;
				CLANG_WARN__DUPLICATE_METHOD_MATCH = YES;
				"CODE_SIGN_IDENTITY[sdk=iphoneos*]" = "iPhone Developer";
				COPY_PHASE_STRIP = YES;
				ENABLE_NS_ASSERTIONS = NO;
				ENABLE_STRICT_OBJC_MSGSEND = YES;
				GCC_C_LANGUAGE_STANDARD = gnu99;
				GCC_WARN_64_TO_32_BIT_CONVERSION = YES;
				GCC_WARN_ABOUT_RETURN_TYPE = YES_ERROR;
				GCC_WARN_UNDECLARED_SELECTOR = YES;
				GCC_WARN_UNINITIALIZED_AUTOS = YES_AGGRESSIVE;
				GCC_WARN_UNUSED_FUNCTION = YES;
				GCC_WARN_UNUSED_VARIABLE = YES;
				IPHONEOS_DEPLOYMENT_TARGET = 8.0;
				MTL_ENABLE_DEBUG_INFO = NO;
				SDKROOT = iphoneos;
				VALIDATE_PRODUCT = YES;
			};
			name = Release;
		};
		993F97A719A7555100B8410B /* Debug */ = {
			isa = XCBuildConfiguration;
			buildSettings = {
				ASSETCATALOG_COMPILER_APPICON_NAME = AppIcon;
				ASSETCATALOG_COMPILER_LAUNCHIMAGE_NAME = LaunchImage;
				INFOPLIST_FILE = Locution/Info.plist;
				LD_RUNPATH_SEARCH_PATHS = "$(inherited) @executable_path/Frameworks";
				PRODUCT_NAME = "$(TARGET_NAME)";
			};
			name = Debug;
		};
		993F97A819A7555100B8410B /* Release */ = {
			isa = XCBuildConfiguration;
			buildSettings = {
				ASSETCATALOG_COMPILER_APPICON_NAME = AppIcon;
				ASSETCATALOG_COMPILER_LAUNCHIMAGE_NAME = LaunchImage;
				INFOPLIST_FILE = Locution/Info.plist;
				LD_RUNPATH_SEARCH_PATHS = "$(inherited) @executable_path/Frameworks";
				PRODUCT_NAME = "$(TARGET_NAME)";
			};
			name = Release;
		};
		993F97AA19A7555100B8410B /* Debug */ = {
			isa = XCBuildConfiguration;
			buildSettings = {
				BUNDLE_LOADER = "$(TEST_HOST)";
				FRAMEWORK_SEARCH_PATHS = (
					"$(SDKROOT)/Developer/Library/Frameworks",
					"$(inherited)",
				);
				GCC_PREPROCESSOR_DEFINITIONS = (
					"DEBUG=1",
					"$(inherited)",
				);
				INFOPLIST_FILE = LocutionTests/Info.plist;
				LD_RUNPATH_SEARCH_PATHS = "$(inherited) @executable_path/Frameworks @loader_path/Frameworks";
				PRODUCT_NAME = "$(TARGET_NAME)";
				TEST_HOST = "$(BUILT_PRODUCTS_DIR)/Locution.app/Locution";
			};
			name = Debug;
		};
		993F97AB19A7555100B8410B /* Release */ = {
			isa = XCBuildConfiguration;
			buildSettings = {
				BUNDLE_LOADER = "$(TEST_HOST)";
				FRAMEWORK_SEARCH_PATHS = (
					"$(SDKROOT)/Developer/Library/Frameworks",
					"$(inherited)",
				);
				INFOPLIST_FILE = LocutionTests/Info.plist;
				LD_RUNPATH_SEARCH_PATHS = "$(inherited) @executable_path/Frameworks @loader_path/Frameworks";
				PRODUCT_NAME = "$(TARGET_NAME)";
				TEST_HOST = "$(BUILT_PRODUCTS_DIR)/Locution.app/Locution";
			};
			name = Release;
		};
/* End XCBuildConfiguration section */

/* Begin XCConfigurationList section */
		993F978119A7555100B8410B /* Build configuration list for PBXProject "Locution" */ = {
			isa = XCConfigurationList;
			buildConfigurations = (
				993F97A419A7555100B8410B /* Debug */,
				993F97A519A7555100B8410B /* Release */,
			);
			defaultConfigurationIsVisible = 0;
			defaultConfigurationName = Release;
		};
		993F97A619A7555100B8410B /* Build configuration list for PBXNativeTarget "Locution" */ = {
			isa = XCConfigurationList;
			buildConfigurations = (
				993F97A719A7555100B8410B /* Debug */,
				993F97A819A7555100B8410B /* Release */,
			);
			defaultConfigurationIsVisible = 0;
			defaultConfigurationName = Release;
		};
		993F97A919A7555100B8410B /* Build configuration list for PBXNativeTarget "LocutionTests" */ = {
			isa = XCConfigurationList;
			buildConfigurations = (
				993F97AA19A7555100B8410B /* Debug */,
				993F97AB19A7555100B8410B /* Release */,
			);
			defaultConfigurationIsVisible = 0;
			defaultConfigurationName = Release;
		};
/* End XCConfigurationList section */
	};
	rootObject = 993F977E19A7555100B8410B /* Project object */;
}
